
Microsoft Visual Studio Solution File, Format Version 12.00
# Visual Studio Version 17
VisualStudioVersion = 17.4.33213.308
MinimumVisualStudioVersion = 10.0.40219.1
Project("{FAE04EC0-301F-11D3-BF4B-00C04F79EFBC}") = "Practicando", "Practicando\Practicando.csproj", "{7C787794-8719-47FA-8D7F-CAC02BDFB4C3}"
EndProject
Project("{FAE04EC0-301F-11D3-BF4B-00C04F79EFBC}") = "Dominio", "Dominio\Dominio.csproj", "{F56BD3DC-19E4-4B87-804A-0DE17954D10F}"
EndProject
Project("{FAE04EC0-301F-11D3-BF4B-00C04F79EFBC}") = "Negocio", "Negocio\Negocio.csproj", "{A949CD35-0031-4CC0-980D-465704DC59DD}"
EndProject
Global
	GlobalSection(SolutionConfigurationPlatforms) = preSolution
		Debug|Any CPU = Debug|Any CPU
		Release|Any CPU = Release|Any CPU
	EndGlobalSection
	GlobalSection(ProjectConfigurationPlatforms) = postSolution
		{7C787794-8719-47FA-8D7F-CAC02BDFB4C3}.Debug|Any CPU.ActiveCfg = Debug|Any CPU
		{7C787794-8719-47FA-8D7F-CAC02BDFB4C3}.Debug|Any CPU.Build.0 = Debug|Any CPU
		{7C787794-8719-47FA-8D7F-CAC02BDFB4C3}.Release|Any CPU.ActiveCfg = Release|Any CPU
		{7C787794-8719-47FA-8D7F-CAC02BDFB4C3}.Release|Any CPU.Build.0 = Release|Any CPU
		{F56BD3DC-19E4-4B87-804A-0DE17954D10F}.Debug|Any CPU.ActiveCfg = Debug|Any CPU
		{F56BD3DC-19E4-4B87-804A-0DE17954D10F}.Debug|Any CPU.Build.0 = Debug|Any CPU
		{F56BD3DC-19E4-4B87-804A-0DE17954D10F}.Release|Any CPU.ActiveCfg = Release|Any CPU
		{F56BD3DC-19E4-4B87-804A-0DE17954D10F}.Release|Any CPU.Build.0 = Release|Any CPU
		{A949CD35-0031-4CC0-980D-465704DC59DD}.Debug|Any CPU.ActiveCfg = Debug|Any CPU
		{A949CD35-0031-4CC0-980D-465704DC59DD}.Debug|Any CPU.Build.0 = Debug|Any CPU
		{A949CD35-0031-4CC0-980D-465704DC59DD}.Release|Any CPU.ActiveCfg = Release|Any CPU
		{A949CD35-0031-4CC0-980D-465704DC59DD}.Release|Any CPU.Build.0 = Release|Any CPU
	EndGlobalSection
	GlobalSection(SolutionProperties) = preSolution
		HideSolutionNode = FALSE
	EndGlobalSection
	GlobalSection(ExtensibilityGlobals) = postSolution
		SolutionGuid = {257A0E5D-75D4-4434-B302-5CAE9D9BD05E}
	EndGlobalSection
EndGlobal
